
Microsoft Visual Studio Solution File, Format Version 12.00
# Visual Studio Version 16
VisualStudioVersion = 16.0.29215.179
MinimumVisualStudioVersion = 10.0.40219.1
Project("{FAE04EC0-301F-11D3-BF4B-00C04F79EFBC}") = "MoneyLover", "MoneyLover\MoneyLover.csproj", "{18B20801-F41A-4047-B530-C65CE3E554AE}"
EndProject
Global
	GlobalSection(SolutionConfigurationPlatforms) = preSolution
		Debug|Any CPU = Debug|Any CPU
		Release|Any CPU = Release|Any CPU
	EndGlobalSection
	GlobalSection(ProjectConfigurationPlatforms) = postSolution
		{18B20801-F41A-4047-B530-C65CE3E554AE}.Debug|Any CPU.ActiveCfg = Debug|Any CPU
		{18B20801-F41A-4047-B530-C65CE3E554AE}.Debug|Any CPU.Build.0 = Debug|Any CPU
		{18B20801-F41A-4047-B530-C65CE3E554AE}.Release|Any CPU.ActiveCfg = Release|Any CPU
		{18B20801-F41A-4047-B530-C65CE3E554AE}.Release|Any CPU.Build.0 = Release|Any CPU
	EndGlobalSection
	GlobalSection(SolutionProperties) = preSolution
		HideSolutionNode = FALSE
	EndGlobalSection
	GlobalSection(ExtensibilityGlobals) = postSolution
		SolutionGuid = {BE0C98E5-6882-4DC7-9CF5-DD4DBE3CF408}
	EndGlobalSection
EndGlobal
